
Microsoft Visual Studio Solution File, Format Version 12.00
Project("{2150E333-8FDC-42A3-9474-1A3956D46DE8}") = "Core", "Core", "{9AD0853C-557D-4895-AEF9-71F4E8A5D5C7}"
EndProject
Project("{2150E333-8FDC-42A3-9474-1A3956D46DE8}") = "Domian", "Domian", "{1D9DACE3-07FC-4E05-90E0-04EA27576E1B}"
EndProject
Project("{FAE04EC0-301F-11D3-BF4B-00C04F79EFBC}") = "MyTest.Domain", "MyTest.Domain\MyTest.Domain.csproj", "{F3D0D094-1216-42F3-A517-98402D3FA037}"
EndProject
Project("{FAE04EC0-301F-11D3-BF4B-00C04F79EFBC}") = "MyTest.Domain.Tests", "MyTest.Domain.Tests\MyTest.Domain.Tests.csproj", "{70E79293-C8BB-4217-A251-FA535AF24CAD}"
EndProject
Project("{2150E333-8FDC-42A3-9474-1A3956D46DE8}") = "Infrastructure", "Infrastructure", "{4920AA21-FAA3-45B4-B772-0ACD2643B12B}"
EndProject
Project("{FAE04EC0-301F-11D3-BF4B-00C04F79EFBC}") = "MyTest.Persistence", "MyTest.Persistence\MyTest.Persistence.csproj", "{F29069BB-4A2A-4031-9804-CE39902F0DA1}"
EndProject
Project("{FAE04EC0-301F-11D3-BF4B-00C04F79EFBC}") = "MyTest.PersistenceTests", "MyTest.PersistenceTests\MyTest.PersistenceTests.csproj", "{DA4E2419-112A-4310-B3CF-7218FEA85EE0}"
EndProject
Project("{2150E333-8FDC-42A3-9474-1A3956D46DE8}") = "Interface", "Interface", "{C1AB4C2E-9CC1-4F21-BE61-0D1DC4DD4206}"
EndProject
Global
	GlobalSection(SolutionConfigurationPlatforms) = preSolution
		Debug|Any CPU = Debug|Any CPU
		Release|Any CPU = Release|Any CPU
	EndGlobalSection
	GlobalSection(NestedProjects) = preSolution
		{1D9DACE3-07FC-4E05-90E0-04EA27576E1B} = {9AD0853C-557D-4895-AEF9-71F4E8A5D5C7}
		{F3D0D094-1216-42F3-A517-98402D3FA037} = {1D9DACE3-07FC-4E05-90E0-04EA27576E1B}
		{70E79293-C8BB-4217-A251-FA535AF24CAD} = {1D9DACE3-07FC-4E05-90E0-04EA27576E1B}
		{4920AA21-FAA3-45B4-B772-0ACD2643B12B} = {9AD0853C-557D-4895-AEF9-71F4E8A5D5C7}
		{F29069BB-4A2A-4031-9804-CE39902F0DA1} = {4920AA21-FAA3-45B4-B772-0ACD2643B12B}
		{DA4E2419-112A-4310-B3CF-7218FEA85EE0} = {4920AA21-FAA3-45B4-B772-0ACD2643B12B}
		{C1AB4C2E-9CC1-4F21-BE61-0D1DC4DD4206} = {9AD0853C-557D-4895-AEF9-71F4E8A5D5C7}
	EndGlobalSection
	GlobalSection(ProjectConfigurationPlatforms) = postSolution
		{F3D0D094-1216-42F3-A517-98402D3FA037}.Debug|Any CPU.ActiveCfg = Debug|Any CPU
		{F3D0D094-1216-42F3-A517-98402D3FA037}.Debug|Any CPU.Build.0 = Debug|Any CPU
		{F3D0D094-1216-42F3-A517-98402D3FA037}.Release|Any CPU.ActiveCfg = Release|Any CPU
		{F3D0D094-1216-42F3-A517-98402D3FA037}.Release|Any CPU.Build.0 = Release|Any CPU
		{70E79293-C8BB-4217-A251-FA535AF24CAD}.Debug|Any CPU.ActiveCfg = Debug|Any CPU
		{70E79293-C8BB-4217-A251-FA535AF24CAD}.Debug|Any CPU.Build.0 = Debug|Any CPU
		{70E79293-C8BB-4217-A251-FA535AF24CAD}.Release|Any CPU.ActiveCfg = Release|Any CPU
		{70E79293-C8BB-4217-A251-FA535AF24CAD}.Release|Any CPU.Build.0 = Release|Any CPU
		{F29069BB-4A2A-4031-9804-CE39902F0DA1}.Debug|Any CPU.ActiveCfg = Debug|Any CPU
		{F29069BB-4A2A-4031-9804-CE39902F0DA1}.Debug|Any CPU.Build.0 = Debug|Any CPU
		{F29069BB-4A2A-4031-9804-CE39902F0DA1}.Release|Any CPU.ActiveCfg = Release|Any CPU
		{F29069BB-4A2A-4031-9804-CE39902F0DA1}.Release|Any CPU.Build.0 = Release|Any CPU
		{DA4E2419-112A-4310-B3CF-7218FEA85EE0}.Debug|Any CPU.ActiveCfg = Debug|Any CPU
		{DA4E2419-112A-4310-B3CF-7218FEA85EE0}.Debug|Any CPU.Build.0 = Debug|Any CPU
		{DA4E2419-112A-4310-B3CF-7218FEA85EE0}.Release|Any CPU.ActiveCfg = Release|Any CPU
		{DA4E2419-112A-4310-B3CF-7218FEA85EE0}.Release|Any CPU.Build.0 = Release|Any CPU
	EndGlobalSection
EndGlobal
